
Microsoft Visual Studio Solution File, Format Version 12.00
# Visual Studio Version 16
VisualStudioVersion = 16.0.31911.196
MinimumVisualStudioVersion = 10.0.40219.1
Project("{FAE04EC0-301F-11D3-BF4B-00C04F79EFBC}") = "Project2_Images", "Project2_Images.csproj", "{ED8F55FB-A0F8-4629-8ACF-0C64B73BC2CB}"
EndProject
Global
	GlobalSection(SolutionConfigurationPlatforms) = preSolution
		Debug|Any CPU = Debug|Any CPU
		Release|Any CPU = Release|Any CPU
	EndGlobalSection
	GlobalSection(ProjectConfigurationPlatforms) = postSolution
		{ED8F55FB-A0F8-4629-8ACF-0C64B73BC2CB}.Debug|Any CPU.ActiveCfg = Debug|Any CPU
		{ED8F55FB-A0F8-4629-8ACF-0C64B73BC2CB}.Debug|Any CPU.Build.0 = Debug|Any CPU
		{ED8F55FB-A0F8-4629-8ACF-0C64B73BC2CB}.Release|Any CPU.ActiveCfg = Release|Any CPU
		{ED8F55FB-A0F8-4629-8ACF-0C64B73BC2CB}.Release|Any CPU.Build.0 = Release|Any CPU
	EndGlobalSection
	GlobalSection(SolutionProperties) = preSolution
		HideSolutionNode = FALSE
	EndGlobalSection
	GlobalSection(ExtensibilityGlobals) = postSolution
		SolutionGuid = {00167B23-556B-4A5F-811C-30192AC3DF60}
	EndGlobalSection
EndGlobal
